
Microsoft Visual Studio Solution File, Format Version 12.00
# Visual Studio 14
VisualStudioVersion = 14.0.25420.1
MinimumVisualStudioVersion = 10.0.40219.1
Project("{FAE04EC0-301F-11D3-BF4B-00C04F79EFBC}") = "MCRegister", "MCRegister\MCRegister.csproj", "{DB9D5252-5937-4637-9C60-11BD090DFEB3}"
EndProject
Project("{2150E333-8FDC-42A3-9474-1A3956D46DE8}") = "Solution Items", "Solution Items", "{2099F64A-94FA-42FC-8CFD-0905EF403C5D}"
EndProject
Global
	GlobalSection(SolutionConfigurationPlatforms) = preSolution
		Debug|Any CPU = Debug|Any CPU
		Release|Any CPU = Release|Any CPU
	EndGlobalSection
	GlobalSection(ProjectConfigurationPlatforms) = postSolution
		{DB9D5252-5937-4637-9C60-11BD090DFEB3}.Debug|Any CPU.ActiveCfg = Debug|Any CPU
		{DB9D5252-5937-4637-9C60-11BD090DFEB3}.Debug|Any CPU.Build.0 = Debug|Any CPU
		{DB9D5252-5937-4637-9C60-11BD090DFEB3}.Release|Any CPU.ActiveCfg = Release|Any CPU
		{DB9D5252-5937-4637-9C60-11BD090DFEB3}.Release|Any CPU.Build.0 = Release|Any CPU
	EndGlobalSection
	GlobalSection(SolutionProperties) = preSolution
		HideSolutionNode = FALSE
	EndGlobalSection
EndGlobal
